
Microsoft Visual Studio Solution File, Format Version 11.00
# Visual Studio 2010
Project("{FAE04EC0-301F-11D3-BF4B-00C04F79EFBC}") = "Assembly-CSharp", "Assembly-CSharp.csproj", "{4CB68A01-1611-45FC-3D38-F68A607470DE}"
EndProject
Project("{FAE04EC0-301F-11D3-BF4B-00C04F79EFBC}") = "Assembly-CSharp-Editor", "Assembly-CSharp-Editor.csproj", "{61156DC1-D829-26DB-9B9E-7AB0AD4029DB}"
EndProject
Global
	GlobalSection(SolutionConfigurationPlatforms) = preSolution
		Debug|Any CPU = Debug|Any CPU
		Release|Any CPU = Release|Any CPU
	EndGlobalSection
	GlobalSection(ProjectConfigurationPlatforms) = postSolution
		{4CB68A01-1611-45FC-3D38-F68A607470DE}.Debug|Any CPU.ActiveCfg = Debug|Any CPU
		{4CB68A01-1611-45FC-3D38-F68A607470DE}.Debug|Any CPU.Build.0 = Debug|Any CPU
		{4CB68A01-1611-45FC-3D38-F68A607470DE}.Release|Any CPU.ActiveCfg = Release|Any CPU
		{4CB68A01-1611-45FC-3D38-F68A607470DE}.Release|Any CPU.Build.0 = Release|Any CPU
		{61156DC1-D829-26DB-9B9E-7AB0AD4029DB}.Debug|Any CPU.ActiveCfg = Debug|Any CPU
		{61156DC1-D829-26DB-9B9E-7AB0AD4029DB}.Debug|Any CPU.Build.0 = Debug|Any CPU
		{61156DC1-D829-26DB-9B9E-7AB0AD4029DB}.Release|Any CPU.ActiveCfg = Release|Any CPU
		{61156DC1-D829-26DB-9B9E-7AB0AD4029DB}.Release|Any CPU.Build.0 = Release|Any CPU
	EndGlobalSection
	GlobalSection(SolutionProperties) = preSolution
		HideSolutionNode = FALSE
	EndGlobalSection
	GlobalSection(MonoDevelopProperties) = preSolution
		StartupItem = Assembly-CSharp.csproj
	EndGlobalSection
EndGlobal
